
Microsoft Visual Studio Solution File, Format Version 12.00
# Visual Studio 2013
VisualStudioVersion = 12.0.31101.0
MinimumVisualStudioVersion = 10.0.40219.1
Project("{FAE04EC0-301F-11D3-BF4B-00C04F79EFBC}") = "FormStyle", "FormStyle\FormStyle.csproj", "{523AC1BB-2F9F-414D-973D-DF0B457CBDA8}"
EndProject
Global
	GlobalSection(SolutionConfigurationPlatforms) = preSolution
		Debug|Any CPU = Debug|Any CPU
		Release|Any CPU = Release|Any CPU
	EndGlobalSection
	GlobalSection(ProjectConfigurationPlatforms) = postSolution
		{523AC1BB-2F9F-414D-973D-DF0B457CBDA8}.Debug|Any CPU.ActiveCfg = Debug|Any CPU
		{523AC1BB-2F9F-414D-973D-DF0B457CBDA8}.Debug|Any CPU.Build.0 = Debug|Any CPU
		{523AC1BB-2F9F-414D-973D-DF0B457CBDA8}.Release|Any CPU.ActiveCfg = Release|Any CPU
		{523AC1BB-2F9F-414D-973D-DF0B457CBDA8}.Release|Any CPU.Build.0 = Release|Any CPU
	EndGlobalSection
	GlobalSection(SolutionProperties) = preSolution
		HideSolutionNode = FALSE
	EndGlobalSection
EndGlobal
